lockfileVersion: '9.0'

settings:
  autoInstallPeers: true
  excludeLinksFromLockfile: false

importers:

  .:
    dependencies:
      '@abraca/dabra':
        specifier: 2.27.0
        version: 2.27.0(y-protocols@1.0.7(yjs@13.6.30))(yjs@13.6.30)
      '@noble/ed25519':
        specifier: ^3.1.0
        version: 3.1.0
      '@noble/hashes':
        specifier: ^2.2.0
        version: 2.2.0
      yjs:
        specifier: 13.6.30
        version: 13.6.30

packages:

  '@abraca/dabra@2.27.0':
    resolution: {integrity: sha512-umKnzhA6+hY9s/z2wfcYgGQVs3YNw8cb9O3aMksZFGMTUpjewr44FN2NTmCFIY42wT8RAXGT4pWfBrAdAuMaWg==}
    peerDependencies:
      y-protocols: ^1.0.6
      yjs: ^13.6.8

  '@lifeomic/attempt@3.1.0':
    resolution: {integrity: sha512-QZqem4QuAnAyzfz+Gj5/+SLxqwCAw2qmt7732ZXodr6VDWGeYLG6w1i/vYLa55JQM9wRuBKLmXmiZ2P0LtE5rw==}

  '@noble/curves@2.2.0':
    resolution: {integrity: sha512-T/BoHgFXirb0ENSPBquzX0rcjXeM6Lo892a2jlYJkqk83LqZx0l1Of7DzlKJ6jkpvMrkHSnAcgb5JegL8SeIkQ==}
    engines: {node: '>= 20.19.0'}

  '@noble/ed25519@3.1.0':
    resolution: {integrity: sha512-pfcObRY3CtvwfaG9Mt5XqZdKmAQppl37tHUeuBhDUbiwJBCVY4/A4lbMvb1xKhMDx96AqAqZpMWuBX1HulhX4g==}

  '@noble/hashes@2.2.0':
    resolution: {integrity: sha512-IYqDGiTXab6FniAgnSdZwgWbomxpy9FtYvLKs7wCUs2a8RkITG+DFGO1DM9cr+E3/RgADRpFjrKVaJ1z6sjtEg==}
    engines: {node: '>= 20.19.0'}

  '@scure/base@2.2.0':
    resolution: {integrity: sha512-b8XEupJibegiXV+tDUseI8oLQc8ei3d/4Jkb2RpbHh3MfE054ov3uIz2dhFkB3FI8iwYkEh0gGCApkrYggkPNg==}

  '@scure/bip39@2.2.0':
    resolution: {integrity: sha512-T/Bj/YvYMNkIPq6EENO6/rcs2e7qTNuyoUXf0KBFDmp0ZDu0H2X4Lq6yC3i0c8PcWkov5EbW+yQZZbdMmk154A==}

  isomorphic.js@0.2.5:
    resolution: {integrity: sha512-PIeMbHqMt4DnUP3MA/Flc0HElYjMXArsw1qwJZcm9sqR8mq3l8NYizFMty0pWwE/tzIGH3EKK5+jes5mAr85yw==}

  lib0@0.2.117:
    resolution: {integrity: sha512-DeXj9X5xDCjgKLU/7RR+/HQEVzuuEUiwldwOGsHK/sfAfELGWEyTcf0x+uOvCvK3O2zPmZePXWL85vtia6GyZw==}
    engines: {node: '>=16'}
    hasBin: true

  ws@8.21.0:
    resolution: {integrity: sha512-Vsp28b7DRcimFQvrqu2Wek3z1iYxDCWqHYB8Qsnk/S4RfaCQzPGPyBNuVjJV3cd6UiKtUtp6sNM77gWvzcCH+g==}
    engines: {node: '>=10.0.0'}
    peerDependencies:
      bufferutil: ^4.0.1
      utf-8-validate: '>=5.0.2'
    peerDependenciesMeta:
      bufferutil:
        optional: true
      utf-8-validate:
        optional: true

  y-protocols@1.0.7:
    resolution: {integrity: sha512-YSVsLoXxO67J6eE/nV4AtFtT3QEotZf5sK5BHxFBXso7VDUT3Tx07IfA6hsu5Q5OmBdMkQVmFZ9QOA7fikWvnw==}
    engines: {node: '>=16.0.0', npm: '>=8.0.0'}
    peerDependencies:
      yjs: ^13.0.0

  yjs@13.6.30:
    resolution: {integrity: sha512-vv/9h42eCMC81ZHDFswuu/MKzkl/vyq1BhaNGfHyOonwlG4CJbQF4oiBBJPvfdeCt/PlVDWh7Nov9D34YY09uQ==}
    engines: {node: '>=16.0.0', npm: '>=8.0.0'}

snapshots:

  '@abraca/dabra@2.27.0(y-protocols@1.0.7(yjs@13.6.30))(yjs@13.6.30)':
    dependencies:
      '@lifeomic/attempt': 3.1.0
      '@noble/curves': 2.2.0
      '@noble/ed25519': 3.1.0
      '@noble/hashes': 2.2.0
      '@scure/bip39': 2.2.0
      lib0: 0.2.117
      ws: 8.21.0
      y-protocols: 1.0.7(yjs@13.6.30)
      yjs: 13.6.30
    transitivePeerDependencies:
      - bufferutil
      - utf-8-validate

  '@lifeomic/attempt@3.1.0': {}

  '@noble/curves@2.2.0':
    dependencies:
      '@noble/hashes': 2.2.0

  '@noble/ed25519@3.1.0': {}

  '@noble/hashes@2.2.0': {}

  '@scure/base@2.2.0': {}

  '@scure/bip39@2.2.0':
    dependencies:
      '@noble/hashes': 2.2.0
      '@scure/base': 2.2.0

  isomorphic.js@0.2.5: {}

  lib0@0.2.117:
    dependencies:
      isomorphic.js: 0.2.5

  ws@8.21.0: {}

  y-protocols@1.0.7(yjs@13.6.30):
    dependencies:
      lib0: 0.2.117
      yjs: 13.6.30

  yjs@13.6.30:
    dependencies:
      lib0: 0.2.117
